// !$*UTF8*$!
{
	archiveVersion = 1;
	classes = {
	};
	objectVersion = 50;
	objects = {

/* Begin PBXBuildFile section */
		BF811ED9279B3592002B31D4 /* AppDelegate.swift in Sources */ = {isa = PBXBuildFile; fileRef = BF811ED8279B3592002B31D4 /* AppDelegate.swift */; };
		BF811EDB279B3592002B31D4 /* SceneDelegate.swift in Sources */ = {isa = PBXBuildFile; fileRef = BF811EDA279B3592002B31D4 /* SceneDelegate.swift */; };
		BF811EE0279B3592002B31D4 /* Main.storyboard in Resources */ = {isa = PBXBuildFile; fileRef = BF811EDE279B3592002B31D4 /* Main.storyboard */; };
		BF811EE2279B3596002B31D4 /* Assets.xcassets in Resources */ = {isa = PBXBuildFile; fileRef = BF811EE1279B3596002B31D4 /* Assets.xcassets */; };
		BF811EE5279B3596002B31D4 /* LaunchScreen.storyboard in Resources */ = {isa = PBXBuildFile; fileRef = BF811EE3279B3596002B31D4 /* LaunchScreen.storyboard */; };
		BF811EED279B35CA002B31D4 /* TableViewController.swift in Sources */ = {isa = PBXBuildFile; fileRef = BF811EEC279B35CA002B31D4 /* TableViewController.swift */; };
		BF811EEF279B3626002B31D4 /* ViewModel.swift in Sources */ = {isa = PBXBuildFile; fileRef = BF811EEE279B3626002B31D4 /* ViewModel.swift */; };
		BF811EF1279B3671002B31D4 /* NetworkManager.swift in Sources */ = {isa = PBXBuildFile; fileRef = BF811EF0279B3671002B31D4 /* NetworkManager.swift */; };
/* End PBXBuildFile section */

/* Begin PBXFileReference section */
		BF811ED5279B3592002B31D4 /* MVVM_Managers.app */ = {isa = PBXFileReference; explicitFileType = wrapper.application; includeInIndex = 0; path = MVVM_Managers.app; sourceTree = BUILT_PRODUCTS_DIR; };
		BF811ED8279B3592002B31D4 /* AppDelegate.swift */ = {isa = PBXFileReference; lastKnownFileType = sourcecode.swift; path = AppDelegate.swift; sourceTree = "<group>"; };
		BF811EDA279B3592002B31D4 /* SceneDelegate.swift */ = {isa = PBXFileReference; lastKnownFileType = sourcecode.swift; path = SceneDelegate.swift; sourceTree = "<group>"; };
		BF811EDF279B3592002B31D4 /* Base */ = {isa = PBXFileReference; lastKnownFileType = file.storyboard; name = Base; path = Base.lproj/Main.storyboard; sourceTree = "<group>"; };
		BF811EE1279B3596002B31D4 /* Assets.xcassets */ = {isa = PBXFileReference; lastKnownFileType = folder.assetcatalog; path = Assets.xcassets; sourceTree = "<group>"; };
		BF811EE4279B3596002B31D4 /* Base */ = {isa = PBXFileReference; lastKnownFileType = file.storyboard; name = Base; path = Base.lproj/LaunchScreen.storyboard; sourceTree = "<group>"; };
		BF811EE6279B3596002B31D4 /* Info.plist */ = {isa = PBXFileReference; lastKnownFileType = text.plist.xml; path = Info.plist; sourceTree = "<group>"; };
		BF811EEC279B35CA002B31D4 /* TableViewController.swift */ = {isa = PBXFileReference; lastKnownFileType = sourcecode.swift; path = TableViewController.swift; sourceTree = "<group>"; };
		BF811EEE279B3626002B31D4 /* ViewModel.swift */ = {isa = PBXFileReference; lastKnownFileType = sourcecode.swift; path = ViewModel.swift; sourceTree = "<group>"; };
		BF811EF0279B3671002B31D4 /* NetworkManager.swift */ = {isa = PBXFileReference; lastKnownFileType = sourcecode.swift; path = NetworkManager.swift; sourceTree = "<group>"; };
/* End PBXFileReference section */

/* Begin PBXFrameworksBuildPhase section */
		BF811ED2279B3592002B31D4 /* Frameworks */ = {
			isa = PBXFrameworksBuildPhase;
			buildActionMask = 2147483647;
			files = (
			);
			runOnlyForDeploymentPostprocessing = 0;
		};
/* End PBXFrameworksBuildPhase section */

/* Begin PBXGroup section */
		BF811ECC279B3592002B31D4 = {
			isa = PBXGroup;
			children = (
				BF811ED7279B3592002B31D4 /* MVVM_Managers */,
				BF811ED6279B3592002B31D4 /* Products */,
			);
			sourceTree = "<group>";
		};
		BF811ED6279B3592002B31D4 /* Products */ = {
			isa = PBXGroup;
			children = (
				BF811ED5279B3592002B31D4 /* MVVM_Managers.app */,
			);
			name = Products;
			sourceTree = "<group>";
		};
		BF811ED7279B3592002B31D4 /* MVVM_Managers */ = {
			isa = PBXGroup;
			children = (
				BF811ED8279B3592002B31D4 /* AppDelegate.swift */,
				BF811EDA279B3592002B31D4 /* SceneDelegate.swift */,
				BF811EEC279B35CA002B31D4 /* TableViewController.swift */,
				BF811EDE279B3592002B31D4 /* Main.storyboard */,
				BF811EE1279B3596002B31D4 /* Assets.xcassets */,
				BF811EE3279B3596002B31D4 /* LaunchScreen.storyboard */,
				BF811EE6279B3596002B31D4 /* Info.plist */,
				BF811EEE279B3626002B31D4 /* ViewModel.swift */,
				BF811EF0279B3671002B31D4 /* NetworkManager.swift */,
			);
			path = MVVM_Managers;
			sourceTree = "<group>";
		};
/* End PBXGroup section */

/* Begin PBXNativeTarget section */
		BF811ED4279B3592002B31D4 /* MVVM_Managers */ = {
			isa = PBXNativeTarget;
			buildConfigurationList = BF811EE9279B3596002B31D4 /* Build configuration list for PBXNativeTarget "MVVM_Managers" */;
			buildPhases = (
				BF811ED1279B3592002B31D4 /* Sources */,
				BF811ED2279B3592002B31D4 /* Frameworks */,
				BF811ED3279B3592002B31D4 /* Resources */,
			);
			buildRules = (
			);
			dependencies = (
			);
			name = MVVM_Managers;
			productName = MVVM_Managers;
			productReference = BF811ED5279B3592002B31D4 /* MVVM_Managers.app */;
			productType = "com.apple.product-type.application";
		};
/* End PBXNativeTarget section */

/* Begin PBXProject section */
		BF811ECD279B3592002B31D4 /* Project object */ = {
			isa = PBXProject;
			attributes = {
				LastSwiftUpdateCheck = 1250;
				LastUpgradeCheck = 1250;
				TargetAttributes = {
					BF811ED4279B3592002B31D4 = {
						CreatedOnToolsVersion = 12.5;
					};
				};
			};
			buildConfigurationList = BF811ED0279B3592002B31D4 /* Build configuration list for PBXProject "MVVM_Managers" */;
			compatibilityVersion = "Xcode 9.3";
			developmentRegion = en;
			hasScannedForEncodings = 0;
			knownRegions = (
				en,
				Base,
			);
			mainGroup = BF811ECC279B3592002B31D4;
			productRefGroup = BF811ED6279B3592002B31D4 /* Products */;
			projectDirPath = "";
			projectRoot = "";
			targets = (
				BF811ED4279B3592002B31D4 /* MVVM_Managers */,
			);
		};
/* End PBXProject section */

/* Begin PBXResourcesBuildPhase section */
		BF811ED3279B3592002B31D4 /* Resources */ = {
			isa = PBXResourcesBuildPhase;
			buildActionMask = 2147483647;
			files = (
				BF811EE5279B3596002B31D4 /* LaunchScreen.storyboard in Resources */,
				BF811EE2279B3596002B31D4 /* Assets.xcassets in Resources */,
				BF811EE0279B3592002B31D4 /* Main.storyboard in Resources */,
			);
			runOnlyForDeploymentPostprocessing = 0;
		};
/* End PBXResourcesBuildPhase section */

/* Begin PBXSourcesBuildPhase section */
		BF811ED1279B3592002B31D4 /* Sources */ = {
			isa = PBXSourcesBuildPhase;
			buildActionMask = 2147483647;
			files = (
				BF811ED9279B3592002B31D4 /* AppDelegate.swift in Sources */,
				BF811EED279B35CA002B31D4 /* TableViewController.swift in Sources */,
				BF811EF1279B3671002B31D4 /* NetworkManager.swift in Sources */,
				BF811EEF279B3626002B31D4 /* ViewModel.swift in Sources */,
				BF811EDB279B3592002B31D4 /* SceneDelegate.swift in Sources */,
			);
			runOnlyForDeploymentPostprocessing = 0;
		};
/* End PBXSourcesBuildPhase section */

/* Begin PBXVariantGroup section */
		BF811EDE279B3592002B31D4 /* Main.storyboard */ = {
			isa = PBXVariantGroup;
			children = (
				BF811EDF279B3592002B31D4 /* Base */,
			);
			name = Main.storyboard;
			sourceTree = "<group>";
		};
		BF811EE3279B3596002B31D4 /* LaunchScreen.storyboard */ = {
			isa = PBXVariantGroup;
			children = (
				BF811EE4279B3596002B31D4 /* Base */,
			);
			name = LaunchScreen.storyboard;
			sourceTree = "<group>";
		};
/* End PBXVariantGroup section */

/* Begin XCBuildConfiguration section */
		BF811EE7279B3596002B31D4 /* Debug */ = {
			isa = XCBuildConfiguration;
			buildSettings = {
				ALWAYS_SEARCH_USER_PATHS = NO;
				CLANG_ANALYZER_NONNULL = YES;
				CLANG_ANALYZER_NUMBER_OBJECT_CONVERSION = YES_AGGRESSIVE;
				CLANG_CXX_LANGUAGE_STANDARD = "gnu++14";
				CLANG_CXX_LIBRARY = "libc++";
				CLANG_ENABLE_MODULES = YES;
				CLANG_ENABLE_OBJC_ARC = YES;
				CLANG_ENABLE_OBJC_WEAK = YES;
				CLANG_WARN_BLOCK_CAPTURE_AUTORELEASING = YES;
				CLANG_WARN_BOOL_CONVERSION = YES;
				CLANG_WARN_COMMA = YES;
				CLANG_WARN_CONSTANT_CONVERSION = YES;
				CLANG_WARN_DEPRECATED_OBJC_IMPLEMENTATIONS = YES;
				CLANG_WARN_DIRECT_OBJC_ISA_USAGE = YES_ERROR;
				CLANG_WARN_DOCUMENTATION_COMMENTS = YES;
				CLANG_WARN_EMPTY_BODY = YES;
				CLANG_WARN_ENUM_CONVERSION = YES;
				CLANG_WARN_INFINITE_RECURSION = YES;
				CLANG_WARN_INT_CONVERSION = YES;
				CLANG_WARN_NON_LITERAL_NULL_CONVERSION = YES;
				CLANG_WARN_OBJC_IMPLICIT_RETAIN_SELF = YES;
				CLANG_WARN_OBJC_LITERAL_CONVERSION = YES;
				CLANG_WARN_OBJC_ROOT_CLASS = YES_ERROR;
				CLANG_WARN_QUOTED_INCLUDE_IN_FRAMEWORK_HEADER = YES;
				CLANG_WARN_RANGE_LOOP_ANALYSIS = YES;
				CLANG_WARN_STRICT_PROTOTYPES = YES;
				CLANG_WARN_SUSPICIOUS_MOVE = YES;
				CLANG_WARN_UNGUARDED_AVAILABILITY = YES_AGGRESSIVE;
				CLANG_WARN_UNREACHABLE_CODE = YES;
				CLANG_WARN__DUPLICATE_METHOD_MATCH = YES;
				COPY_PHASE_STRIP = NO;
				DEBUG_INFORMATION_FORMAT = dwarf;
				ENABLE_STRICT_OBJC_MSGSEND = YES;
				ENABLE_TESTABILITY = YES;
				GCC_C_LANGUAGE_STANDARD = gnu11;
				GCC_DYNAMIC_NO_PIC = NO;
				GCC_NO_COMMON_BLOCKS = YES;
				GCC_OPTIMIZATION_LEVEL = 0;
				GCC_PREPROCESSOR_DEFINITIONS = (
					"DEBUG=1",
					"$(inherited)",
				);
				GCC_WARN_64_TO_32_BIT_CONVERSION = YES;
				GCC_WARN_ABOUT_RETURN_TYPE = YES_ERROR;
				GCC_WARN_UNDECLARED_SELECTOR = YES;
				GCC_WARN_UNINITIALIZED_AUTOS = YES_AGGRESSIVE;
				GCC_WARN_UNUSED_FUNCTION = YES;
				GCC_WARN_UNUSED_VARIABLE = YES;
				IPHONEOS_DEPLOYMENT_TARGET = 14.5;
				MTL_ENABLE_DEBUG_INFO = INCLUDE_SOURCE;
				MTL_FAST_MATH = YES;
				ONLY_ACTIVE_ARCH = YES;
				SDKROOT = iphoneos;
				SWIFT_ACTIVE_COMPILATION_CONDITIONS = DEBUG;
				SWIFT_OPTIMIZATION_LEVEL = "-Onone";
			};
			name = Debug;
		};
		BF811EE8279B3596002B31D4 /* Release */ = {
			isa = XCBuildConfiguration;
			buildSettings = {
				ALWAYS_SEARCH_USER_PATHS = NO;
				CLANG_ANALYZER_NONNULL = YES;
				CLANG_ANALYZER_NUMBER_OBJECT_CONVERSION = YES_AGGRESSIVE;
				CLANG_CXX_LANGUAGE_STANDARD = "gnu++14";
				CLANG_CXX_LIBRARY = "libc++";
				CLANG_ENABLE_MODULES = YES;
				CLANG_ENABLE_OBJC_ARC = YES;
				CLANG_ENABLE_OBJC_WEAK = YES;
				CLANG_WARN_BLOCK_CAPTURE_AUTORELEASING = YES;
				CLANG_WARN_BOOL_CONVERSION = YES;
				CLANG_WARN_COMMA = YES;
				CLANG_WARN_CONSTANT_CONVERSION = YES;
				CLANG_WARN_DEPRECATED_OBJC_IMPLEMENTATIONS = YES;
				CLANG_WARN_DIRECT_OBJC_ISA_USAGE = YES_ERROR;
				CLANG_WARN_DOCUMENTATION_COMMENTS = YES;
				CLANG_WARN_EMPTY_BODY = YES;
				CLANG_WARN_ENUM_CONVERSION = YES;
				CLANG_WARN_INFINITE_RECURSION = YES;
				CLANG_WARN_INT_CONVERSION = YES;
				CLANG_WARN_NON_LITERAL_NULL_CONVERSION = YES;
				CLANG_WARN_OBJC_IMPLICIT_RETAIN_SELF = YES;
				CLANG_WARN_OBJC_LITERAL_CONVERSION = YES;
				CLANG_WARN_OBJC_ROOT_CLASS = YES_ERROR;
				CLANG_WARN_QUOTED_INCLUDE_IN_FRAMEWORK_HEADER = YES;
				CLANG_WARN_RANGE_LOOP_ANALYSIS = YES;
				CLANG_WARN_STRICT_PROTOTYPES = YES;
				CLANG_WARN_SUSPICIOUS_MOVE = YES;
				CLANG_WARN_UNGUARDED_AVAILABILITY = YES_AGGRESSIVE;
				CLANG_WARN_UNREACHABLE_CODE = YES;
				CLANG_WARN__DUPLICATE_METHOD_MATCH = YES;
				COPY_PHASE_STRIP = NO;
				DEBUG_INFORMATION_FORMAT = "dwarf-with-dsym";
				ENABLE_NS_ASSERTIONS = NO;
				ENABLE_STRICT_OBJC_MSGSEND = YES;
				GCC_C_LANGUAGE_STANDARD = gnu11;
				GCC_NO_COMMON_BLOCKS = YES;
				GCC_WARN_64_TO_32_BIT_CONVERSION = YES;
				GCC_WARN_ABOUT_RETURN_TYPE = YES_ERROR;
				GCC_WARN_UNDECLARED_SELECTOR = YES;
				GCC_WARN_UNINITIALIZED_AUTOS = YES_AGGRESSIVE;
				GCC_WARN_UNUSED_FUNCTION = YES;
				GCC_WARN_UNUSED_VARIABLE = YES;
				IPHONEOS_DEPLOYMENT_TARGET = 14.5;
				MTL_ENABLE_DEBUG_INFO = NO;
				MTL_FAST_MATH = YES;
				SDKROOT = iphoneos;
				SWIFT_COMPILATION_MODE = wholemodule;
				SWIFT_OPTIMIZATION_LEVEL = "-O";
				VALIDATE_PRODUCT = YES;
			};
			name = Release;
		};
		BF811EEA279B3596002B31D4 /* Debug */ = {
			isa = XCBuildConfiguration;
			buildSettings = {
				ASSETCATALOG_COMPILER_APPICON_NAME = AppIcon;
				ASSETCATALOG_COMPILER_GLOBAL_ACCENT_COLOR_NAME = AccentColor;
				CODE_SIGN_STYLE = Automatic;
				DEVELOPMENT_TEAM = HGNXB64TGD;
				INFOPLIST_FILE = MVVM_Managers/Info.plist;
				LD_RUNPATH_SEARCH_PATHS = (
					"$(inherited)",
					"@executable_path/Frameworks",
				);
				PRODUCT_BUNDLE_IDENTIFIER = "max.com.MVVM-Managers";
				PRODUCT_NAME = "$(TARGET_NAME)";
				SWIFT_VERSION = 5.0;
				TARGETED_DEVICE_FAMILY = "1,2";
			};
			name = Debug;
		};
		BF811EEB279B3596002B31D4 /* Release */ = {
			isa = XCBuildConfiguration;
			buildSettings = {
				ASSETCATALOG_COMPILER_APPICON_NAME = AppIcon;
				ASSETCATALOG_COMPILER_GLOBAL_ACCENT_COLOR_NAME = AccentColor;
				CODE_SIGN_STYLE = Automatic;
				DEVELOPMENT_TEAM = HGNXB64TGD;
				INFOPLIST_FILE = MVVM_Managers/Info.plist;
				LD_RUNPATH_SEARCH_PATHS = (
					"$(inherited)",
					"@executable_path/Frameworks",
				);
				PRODUCT_BUNDLE_IDENTIFIER = "max.com.MVVM-Managers";
				PRODUCT_NAME = "$(TARGET_NAME)";
				SWIFT_VERSION = 5.0;
				TARGETED_DEVICE_FAMILY = "1,2";
			};
			name = Release;
		};
/* End XCBuildConfiguration section */

/* Begin XCConfigurationList section */
		BF811ED0279B3592002B31D4 /* Build configuration list for PBXProject "MVVM_Managers" */ = {
			isa = XCConfigurationList;
			buildConfigurations = (
				BF811EE7279B3596002B31D4 /* Debug */,
				BF811EE8279B3596002B31D4 /* Release */,
			);
			defaultConfigurationIsVisible = 0;
			defaultConfigurationName = Release;
		};
		BF811EE9279B3596002B31D4 /* Build configuration list for PBXNativeTarget "MVVM_Managers" */ = {
			isa = XCConfigurationList;
			buildConfigurations = (
				BF811EEA279B3596002B31D4 /* Debug */,
				BF811EEB279B3596002B31D4 /* Release */,
			);
			defaultConfigurationIsVisible = 0;
			defaultConfigurationName = Release;
		};
/* End XCConfigurationList section */
	};
	rootObject = BF811ECD279B3592002B31D4 /* Project object */;
}
